
Microsoft Visual Studio Solution File, Format Version 12.00
# Visual Studio Version 17
VisualStudioVersion = 17.11.35312.102
MinimumVisualStudioVersion = 10.0.40219.1
Project("{FAE04EC0-301F-11D3-BF4B-00C04F79EFBC}") = "Client", "Client\Client.csproj", "{8E68B08F-82C0-49D1-AC0E-8EC1B64892D2}"
EndProject
Project("{FAE04EC0-301F-11D3-BF4B-00C04F79EFBC}") = "Server", "Server\Server.csproj", "{CA6FB935-5BF9-480B-9373-45F91BDC22DE}"
EndProject
Global
	GlobalSection(SolutionConfigurationPlatforms) = preSolution
		Debug|Any CPU = Debug|Any CPU
		Release|Any CPU = Release|Any CPU
	EndGlobalSection
	GlobalSection(ProjectConfigurationPlatforms) = postSolution
		{8E68B08F-82C0-49D1-AC0E-8EC1B64892D2}.Debug|Any CPU.ActiveCfg = Debug|Any CPU
		{8E68B08F-82C0-49D1-AC0E-8EC1B64892D2}.Debug|Any CPU.Build.0 = Debug|Any CPU
		{8E68B08F-82C0-49D1-AC0E-8EC1B64892D2}.Release|Any CPU.ActiveCfg = Release|Any CPU
		{8E68B08F-82C0-49D1-AC0E-8EC1B64892D2}.Release|Any CPU.Build.0 = Release|Any CPU
		{CA6FB935-5BF9-480B-9373-45F91BDC22DE}.Debug|Any CPU.ActiveCfg = Debug|Any CPU
		{CA6FB935-5BF9-480B-9373-45F91BDC22DE}.Debug|Any CPU.Build.0 = Debug|Any CPU
		{CA6FB935-5BF9-480B-9373-45F91BDC22DE}.Release|Any CPU.ActiveCfg = Release|Any CPU
		{CA6FB935-5BF9-480B-9373-45F91BDC22DE}.Release|Any CPU.Build.0 = Release|Any CPU
	EndGlobalSection
	GlobalSection(SolutionProperties) = preSolution
		HideSolutionNode = FALSE
	EndGlobalSection
	GlobalSection(ExtensibilityGlobals) = postSolution
		SolutionGuid = {23B6AC5D-F88A-44F1-9977-6775FF7FE280}
	EndGlobalSection
EndGlobal
